
Microsoft Visual Studio Solution File, Format Version 12.00
# Visual Studio 15
VisualStudioVersion = 15.0.27004.2006
MinimumVisualStudioVersion = 10.0.40219.1
Project("{FAE04EC0-301F-11D3-BF4B-00C04F79EFBC}") = "WehryWebsite", "WehryWebsite\WehryWebsite.csproj", "{F54388BA-9682-40D5-9CDB-A7040FF44B93}"
EndProject
Project("{FAE04EC0-301F-11D3-BF4B-00C04F79EFBC}") = "WehryWebsite.Tests", "WehryWebsite.Tests\WehryWebsite.Tests.csproj", "{CC5ACA2E-0A55-4686-BD8E-D1767C66ACF2}"
EndProject
Global
	GlobalSection(SolutionConfigurationPlatforms) = preSolution
		Debug|Any CPU = Debug|Any CPU
		Release|Any CPU = Release|Any CPU
	EndGlobalSection
	GlobalSection(ProjectConfigurationPlatforms) = postSolution
		{F54388BA-9682-40D5-9CDB-A7040FF44B93}.Debug|Any CPU.ActiveCfg = Debug|Any CPU
		{F54388BA-9682-40D5-9CDB-A7040FF44B93}.Debug|Any CPU.Build.0 = Debug|Any CPU
		{F54388BA-9682-40D5-9CDB-A7040FF44B93}.Release|Any CPU.ActiveCfg = Release|Any CPU
		{F54388BA-9682-40D5-9CDB-A7040FF44B93}.Release|Any CPU.Build.0 = Release|Any CPU
		{CC5ACA2E-0A55-4686-BD8E-D1767C66ACF2}.Debug|Any CPU.ActiveCfg = Debug|Any CPU
		{CC5ACA2E-0A55-4686-BD8E-D1767C66ACF2}.Debug|Any CPU.Build.0 = Debug|Any CPU
		{CC5ACA2E-0A55-4686-BD8E-D1767C66ACF2}.Release|Any CPU.ActiveCfg = Release|Any CPU
		{CC5ACA2E-0A55-4686-BD8E-D1767C66ACF2}.Release|Any CPU.Build.0 = Release|Any CPU
	EndGlobalSection
	GlobalSection(SolutionProperties) = preSolution
		HideSolutionNode = FALSE
	EndGlobalSection
	GlobalSection(ExtensibilityGlobals) = postSolution
		SolutionGuid = {59DFC83F-5950-433C-9DAA-3D8370F39B92}
	EndGlobalSection
EndGlobal
